
Microsoft Visual Studio Solution File, Format Version 12.00
# Visual Studio Version 16
VisualStudioVersion = 16.0.30128.74
MinimumVisualStudioVersion = 10.0.40219.1
Project("{FAE04EC0-301F-11D3-BF4B-00C04F79EFBC}") = "RestaurantWebApp", "RestaurantWebApp\RestaurantWebApp.csproj", "{0DDA44F5-FBDD-4AFB-8353-E513B4D2CC12}"
EndProject
Global
	GlobalSection(SolutionConfigurationPlatforms) = preSolution
		Debug|Any CPU = Debug|Any CPU
		Release|Any CPU = Release|Any CPU
	EndGlobalSection
	GlobalSection(ProjectConfigurationPlatforms) = postSolution
		{0DDA44F5-FBDD-4AFB-8353-E513B4D2CC12}.Debug|Any CPU.ActiveCfg = Debug|Any CPU
		{0DDA44F5-FBDD-4AFB-8353-E513B4D2CC12}.Debug|Any CPU.Build.0 = Debug|Any CPU
		{0DDA44F5-FBDD-4AFB-8353-E513B4D2CC12}.Release|Any CPU.ActiveCfg = Release|Any CPU
		{0DDA44F5-FBDD-4AFB-8353-E513B4D2CC12}.Release|Any CPU.Build.0 = Release|Any CPU
	EndGlobalSection
	GlobalSection(SolutionProperties) = preSolution
		HideSolutionNode = FALSE
	EndGlobalSection
	GlobalSection(ExtensibilityGlobals) = postSolution
		SolutionGuid = {DFB35EB3-21A9-4184-B98A-56C8A4A6ABFD}
	EndGlobalSection
EndGlobal
